dependencies:
- name: memcached
  repository: oci://registry-1.docker.io/bitnamicharts
  version: 7.9.4
- name: memcached
  repository: oci://registry-1.docker.io/bitnamicharts
  version: 7.9.4
- name: memcached
  repository: oci://registry-1.docker.io/bitnamicharts
  version: 7.9.4
- name: memcached
  repository: oci://registry-1.docker.io/bitnamicharts
  version: 7.9.4
- name: common
  repository: oci://registry-1.docker.io/bitnamicharts
  version: 2.31.3
digest: sha256:aa98356e56aef6dd949b3f4aa8d802b2c53a37cc01a30eadf7f42dc3c7b310d5
generated: "2025-08-06T11:35:58.3119475+02:00"
